
Microsoft Visual Studio Solution File, Format Version 12.00
# Visual Studio 15
VisualStudioVersion = 15.0.28307.329
MinimumVisualStudioVersion = 10.0.40219.1
Project("{FAE04EC0-301F-11D3-BF4B-00C04F79EFBC}") = "XmlCadocReader", "XmlCadocReader\XmlCadocReader.csproj", "{AD0DC74F-D2D4-4DB6-A424-4210468D2C47}"
EndProject
Project("{FAE04EC0-301F-11D3-BF4B-00C04F79EFBC}") = "XmlCadocReaderTest", "XmlCadocReaderTest\XmlCadocReaderTest.csproj", "{67498B20-26BB-45BB-8548-19B37FFE05FF}"
EndProject
Global
	GlobalSection(SolutionConfigurationPlatforms) = preSolution
		Debug|Any CPU = Debug|Any CPU
		Release|Any CPU = Release|Any CPU
	EndGlobalSection
	GlobalSection(ProjectConfigurationPlatforms) = postSolution
		{AD0DC74F-D2D4-4DB6-A424-4210468D2C47}.Debug|Any CPU.ActiveCfg = Debug|Any CPU
		{AD0DC74F-D2D4-4DB6-A424-4210468D2C47}.Debug|Any CPU.Build.0 = Debug|Any CPU
		{AD0DC74F-D2D4-4DB6-A424-4210468D2C47}.Release|Any CPU.ActiveCfg = Release|Any CPU
		{AD0DC74F-D2D4-4DB6-A424-4210468D2C47}.Release|Any CPU.Build.0 = Release|Any CPU
		{67498B20-26BB-45BB-8548-19B37FFE05FF}.Debug|Any CPU.ActiveCfg = Debug|Any CPU
		{67498B20-26BB-45BB-8548-19B37FFE05FF}.Debug|Any CPU.Build.0 = Debug|Any CPU
		{67498B20-26BB-45BB-8548-19B37FFE05FF}.Release|Any CPU.ActiveCfg = Release|Any CPU
		{67498B20-26BB-45BB-8548-19B37FFE05FF}.Release|Any CPU.Build.0 = Release|Any CPU
	EndGlobalSection
	GlobalSection(SolutionProperties) = preSolution
		HideSolutionNode = FALSE
	EndGlobalSection
	GlobalSection(ExtensibilityGlobals) = postSolution
		SolutionGuid = {10A8B9BB-E1AE-4096-9C37-54A05004A912}
	EndGlobalSection
EndGlobal
